
Microsoft Visual Studio Solution File, Format Version 12.00
# Visual Studio Version 17
VisualStudioVersion = 17.1.32210.238
MinimumVisualStudioVersion = 10.0.40219.1
Project("{2150E333-8FDC-42A3-9474-1A3956D46DE8}") = "Services", "Services", "{9C2FF99F-5760-4543-B9A5-7A7DD090D28F}"
EndProject
Project("{2150E333-8FDC-42A3-9474-1A3956D46DE8}") = "Catalog", "Catalog", "{4587CDC6-BCC3-4E8E-8EBF-3EBC58A8132A}"
EndProject
Project("{9A19103F-16F7-4668-BE54-9A1E7A4F7556}") = "FreeCourse.Services.Catalog", "Services\Catalog\FreeCourse.Services.Catalog\FreeCourse.Services.Catalog.csproj", "{BFFF7821-F839-4FC5-9F61-26CF4970ED45}"
EndProject
Project("{2150E333-8FDC-42A3-9474-1A3956D46DE8}") = "Solution Items", "Solution Items", "{2918AA24-4672-487E-8275-4678619B762F}"
	ProjectSection(SolutionItems) = preProject
		Ports.txt = Ports.txt
	EndProjectSection
EndProject
Project("{2150E333-8FDC-42A3-9474-1A3956D46DE8}") = "Shared", "Shared", "{A9D858E0-C583-48D2-A1B2-14E6593CBF14}"
EndProject
Project("{9A19103F-16F7-4668-BE54-9A1E7A4F7556}") = "FreeCourse.Shared", "Shared\FreeCouse.Shared\FreeCourse.Shared.csproj", "{73B6AC82-23E1-40E9-AD19-7D30E03182F3}"
EndProject
Project("{2150E333-8FDC-42A3-9474-1A3956D46DE8}") = "IdentityServer", "IdentityServer", "{5CB15D8B-2736-49BC-A6E2-B5670EDC6648}"
EndProject
Project("{9A19103F-16F7-4668-BE54-9A1E7A4F7556}") = "FreeCourse.IdentityServer", "IdentityServer\FreeCourse.IdentityServer\FreeCourse.IdentityServer.csproj", "{D6C4D92A-F3F8-4D47-9EDF-67D6481DFC0F}"
EndProject
Global
	GlobalSection(SolutionConfigurationPlatforms) = preSolution
		Debug|Any CPU = Debug|Any CPU
		Release|Any CPU = Release|Any CPU
	EndGlobalSection
	GlobalSection(ProjectConfigurationPlatforms) = postSolution
		{BFFF7821-F839-4FC5-9F61-26CF4970ED45}.Debug|Any CPU.ActiveCfg = Debug|Any CPU
		{BFFF7821-F839-4FC5-9F61-26CF4970ED45}.Debug|Any CPU.Build.0 = Debug|Any CPU
		{BFFF7821-F839-4FC5-9F61-26CF4970ED45}.Release|Any CPU.ActiveCfg = Release|Any CPU
		{BFFF7821-F839-4FC5-9F61-26CF4970ED45}.Release|Any CPU.Build.0 = Release|Any CPU
		{73B6AC82-23E1-40E9-AD19-7D30E03182F3}.Debug|Any CPU.ActiveCfg = Debug|Any CPU
		{73B6AC82-23E1-40E9-AD19-7D30E03182F3}.Debug|Any CPU.Build.0 = Debug|Any CPU
		{73B6AC82-23E1-40E9-AD19-7D30E03182F3}.Release|Any CPU.ActiveCfg = Release|Any CPU
		{73B6AC82-23E1-40E9-AD19-7D30E03182F3}.Release|Any CPU.Build.0 = Release|Any CPU
		{D6C4D92A-F3F8-4D47-9EDF-67D6481DFC0F}.Debug|Any CPU.ActiveCfg = Debug|Any CPU
		{D6C4D92A-F3F8-4D47-9EDF-67D6481DFC0F}.Debug|Any CPU.Build.0 = Debug|Any CPU
		{D6C4D92A-F3F8-4D47-9EDF-67D6481DFC0F}.Release|Any CPU.ActiveCfg = Release|Any CPU
		{D6C4D92A-F3F8-4D47-9EDF-67D6481DFC0F}.Release|Any CPU.Build.0 = Release|Any CPU
	EndGlobalSection
	GlobalSection(SolutionProperties) = preSolution
		HideSolutionNode = FALSE
	EndGlobalSection
	GlobalSection(NestedProjects) = preSolution
		{4587CDC6-BCC3-4E8E-8EBF-3EBC58A8132A} = {9C2FF99F-5760-4543-B9A5-7A7DD090D28F}
		{BFFF7821-F839-4FC5-9F61-26CF4970ED45} = {4587CDC6-BCC3-4E8E-8EBF-3EBC58A8132A}
		{73B6AC82-23E1-40E9-AD19-7D30E03182F3} = {A9D858E0-C583-48D2-A1B2-14E6593CBF14}
		{D6C4D92A-F3F8-4D47-9EDF-67D6481DFC0F} = {5CB15D8B-2736-49BC-A6E2-B5670EDC6648}
	EndGlobalSection
	GlobalSection(ExtensibilityGlobals) = postSolution
		SolutionGuid = {6F563D40-648F-4F0A-BDB6-AE4FCECA887B}
	EndGlobalSection
EndGlobal
